NeoBundleLock vim-css3-syntax b6d3c9e84353556b4670a0631d5841fd7febe0cb
NeoBundleLock vimproc.vim c286dcbdfca9e0ee1a4cb90f09c3f03638112f5a
NeoBundleLock vim-rspec 2cf8c5002cb89eb8e9aabe59d25b89dc5afec88a
NeoBundleLock syntastic a728268d73ef95fe019b6d8aefc26675967dd5e8
NeoBundleLock grep.vim 852ddb0c6590bbc41c508d7f5d2fc17112492def
NeoBundleLock ctrlp.vim b5d3fe66a58a13d2ff8b6391f4387608496a030f
NeoBundleLock vim-gitgutter 1a68abedf1115482beb02834ebc42bc3f6a07672
NeoBundleLock molokai db8ce13b3737d3ddea8368498183d7c204a762eb
NeoBundleLock vim-coloresque 0c21b1469993e610600e88e734ffe90b9c10a514
NeoBundleLock neco-ghc a45f4f98ee3f25eaa64a39328c253d4f78cd5fda
NeoBundleLock vim-syntax-shakespeare 13eaf3588e5a5f17dbd86848337de8e7ed735cca
NeoBundleLock c.vim 69f0368c7d8dac196bd94ddfa80d98b1cedc7eb0
NeoBundleLock vim-go 3df3cbf2e7ab9d76fd67f9f4077060b4450ba90c
NeoBundleLock HTML-AutoCloseTag c2f6f59cf5c08dd487ef361f93ba09317a840e25
NeoBundleLock tagbar 7b36c46d17d57db34fdb0adac9ba6382d0bb5e66
NeoBundleLock vim-fugitive 1c844375fa2762e3b7c16294fa36afee6fef28b1
NeoBundleLock slimv.vim 61ce81ff6b1a05314a6d750a32a1c7379f35a5dc
NeoBundleLock neosnippet ad7b0757971400c2d41ed7d068ed5d457e555785
NeoBundleLock vim-rails 21ada3b19b77fc121afeb233c2b740600e41249a
NeoBundleLock vim-projectionist 51ba19f427402bd857906dda31c8843657ba5ef4
NeoBundleLock nerdtree 96c07746b46c12d0aca7a5276cc5bd0a260b82fe
NeoBundleLock vimshell.vim ce5ce77133dd16bd33a57b0776de0cbaead45722
NeoBundleLock vim-commentary 9c685131a5facfa0d643feca3a61b41c007d8170
NeoBundleLock vim-haml 204e32721154766e03e99ff857bc798aa5b741dc
NeoBundleLock CSApprox a2958096696f9132ef0ece44b3fab93dac6df8d0
NeoBundleLock vim-airline b29e01fa22ee8b8eb02cf505382a90b045b4bc64
NeoBundleLock neocomplcache 778181767467b8f8016828898779a646074d883a
NeoBundleLock jedi-vim 56b2268df34326110363479a9fd1f5f9e2097b8b
NeoBundleLock neobundle.vim 318b5768fe4589d438992d907f2a050bdb92d162
NeoBundleLock neosnippet-snippets 522c38e28949ae53af8c96d7bcbda192b92e3656
NeoBundleLock vim-rake c38ed340c43ad82b148001f97c61520adaf40ef5
NeoBundleLock vim2hs f2afd55704bfe0a2d66e6b270d247e9b8a7b1664
NeoBundleLock indentLine efce4fa4a48c3060dcf2173e099a2bf52d727225
NeoBundleLock vim-polyglot d1e95cbc98805f82024b318d8fd52e931a3aeae2
