NeoBundleLock vim-css3-syntax 9df76b90510d90950cbe4f55d291451c204ad423
NeoBundleLock vimproc.vim c40f7e77e6ff0586ff6951e7cf479b3dc81bb69d
NeoBundleLock vim-rspec 9df76b90510d90950cbe4f55d291451c204ad423
NeoBundleLock syntastic 9df76b90510d90950cbe4f55d291451c204ad423
NeoBundleLock grep.vim 9df76b90510d90950cbe4f55d291451c204ad423
NeoBundleLock ctrlp.vim 9df76b90510d90950cbe4f55d291451c204ad423
NeoBundleLock vim-gitgutter 9df76b90510d90950cbe4f55d291451c204ad423
NeoBundleLock molokai 9df76b90510d90950cbe4f55d291451c204ad423
NeoBundleLock vim-coloresque 9df76b90510d90950cbe4f55d291451c204ad423
NeoBundleLock neco-ghc 9df76b90510d90950cbe4f55d291451c204ad423
NeoBundleLock vim-syntax-shakespeare 9df76b90510d90950cbe4f55d291451c204ad423
NeoBundleLock c.vim 9df76b90510d90950cbe4f55d291451c204ad423
NeoBundleLock vim-go 9df76b90510d90950cbe4f55d291451c204ad423
NeoBundleLock HTML-AutoCloseTag 9df76b90510d90950cbe4f55d291451c204ad423
NeoBundleLock tagbar 9df76b90510d90950cbe4f55d291451c204ad423
NeoBundleLock vim-fugitive 9df76b90510d90950cbe4f55d291451c204ad423
NeoBundleLock slimv.vim 9df76b90510d90950cbe4f55d291451c204ad423
NeoBundleLock neosnippet 9df76b90510d90950cbe4f55d291451c204ad423
NeoBundleLock vim-rails 9df76b90510d90950cbe4f55d291451c204ad423
NeoBundleLock vim-projectionist 9df76b90510d90950cbe4f55d291451c204ad423
NeoBundleLock nerdtree 9df76b90510d90950cbe4f55d291451c204ad423
NeoBundleLock vimshell.vim 9df76b90510d90950cbe4f55d291451c204ad423
NeoBundleLock vim-commentary 9df76b90510d90950cbe4f55d291451c204ad423
NeoBundleLock vim-haml 9df76b90510d90950cbe4f55d291451c204ad423
NeoBundleLock CSApprox 9df76b90510d90950cbe4f55d291451c204ad423
NeoBundleLock vim2hs 9df76b90510d90950cbe4f55d291451c204ad423
NeoBundleLock vim-airline 9df76b90510d90950cbe4f55d291451c204ad423
NeoBundleLock jedi-vim 9df76b90510d90950cbe4f55d291451c204ad423
NeoBundleLock neobundle.vim 318b5768fe4589d438992d907f2a050bdb92d162
NeoBundleLock neosnippet-snippets 9df76b90510d90950cbe4f55d291451c204ad423
NeoBundleLock vim-rake 9df76b90510d90950cbe4f55d291451c204ad423
NeoBundleLock neocomplete.vim 9df76b90510d90950cbe4f55d291451c204ad423
NeoBundleLock indentLine 9df76b90510d90950cbe4f55d291451c204ad423
NeoBundleLock vim-polyglot 9df76b90510d90950cbe4f55d291451c204ad423
